// !$*UTF8*$!
{
	archiveVersion = 1;
	classes = {
	};
	objectVersion = 56;
	objects = {

/* Begin PBXBuildFile section */
		965E93522B8D2A3A000B21B2 /* SwiftyCurrencies_ioApp.swift in Sources */ = {isa = PBXBuildFile; fileRef = 965E93512B8D2A3A000B21B2 /* SwiftyCurrencies_ioApp.swift */; };
		965E93542B8D2A3A000B21B2 /* ContentView.swift in Sources */ = {isa = PBXBuildFile; fileRef = 965E93532B8D2A3A000B21B2 /* ContentView.swift */; };
		965E93562B8D2A3D000B21B2 /* Assets.xcassets in Resources */ = {isa = PBXBuildFile; fileRef = 965E93552B8D2A3D000B21B2 /* Assets.xcassets */; };
		965E93592B8D2A3D000B21B2 /* Preview Assets.xcassets in Resources */ = {isa = PBXBuildFile; fileRef = 965E93582B8D2A3D000B21B2 /* Preview Assets.xcassets */; };
		965E93612B8D2C59000B21B2 /* ExchangeRateContent.swift in Sources */ = {isa = PBXBuildFile; fileRef = 965E93602B8D2C59000B21B2 /* ExchangeRateContent.swift */; };
		965E93642B8D3063000B21B2 /* ExchangeRateView.swift in Sources */ = {isa = PBXBuildFile; fileRef = 965E93632B8D3063000B21B2 /* ExchangeRateView.swift */; };
		96CFEB132B8E5B000049472C /* SettingsView.swift in Sources */ = {isa = PBXBuildFile; fileRef = 96CFEB122B8E5B000049472C /* SettingsView.swift */; };
		96CFEB202B8E6B520049472C /* CalculatorView.swift in Sources */ = {isa = PBXBuildFile; fileRef = 96CFEB1F2B8E6B520049472C /* CalculatorView.swift */; };
/* End PBXBuildFile section */

/* Begin PBXFileReference section */
		965E934E2B8D2A3A000B21B2 /* SwiftyCurrencies.io.app */ = {isa = PBXFileReference; explicitFileType = wrapper.application; includeInIndex = 0; path = SwiftyCurrencies.io.app; sourceTree = BUILT_PRODUCTS_DIR; };
		965E93512B8D2A3A000B21B2 /* SwiftyCurrencies_ioApp.swift */ = {isa = PBXFileReference; lastKnownFileType = sourcecode.swift; path = SwiftyCurrencies_ioApp.swift; sourceTree = "<group>"; };
		965E93532B8D2A3A000B21B2 /* ContentView.swift */ = {isa = PBXFileReference; lastKnownFileType = sourcecode.swift; path = ContentView.swift; sourceTree = "<group>"; };
		965E93552B8D2A3D000B21B2 /* Assets.xcassets */ = {isa = PBXFileReference; lastKnownFileType = folder.assetcatalog; path = Assets.xcassets; sourceTree = "<group>"; };
		965E93582B8D2A3D000B21B2 /* Preview Assets.xcassets */ = {isa = PBXFileReference; lastKnownFileType = folder.assetcatalog; path = "Preview Assets.xcassets"; sourceTree = "<group>"; };
		965E93602B8D2C59000B21B2 /* ExchangeRateContent.swift */ = {isa = PBXFileReference; lastKnownFileType = sourcecode.swift; path = ExchangeRateContent.swift; sourceTree = "<group>"; };
		965E93632B8D3063000B21B2 /* ExchangeRateView.swift */ = {isa = PBXFileReference; lastKnownFileType = sourcecode.swift; path = ExchangeRateView.swift; sourceTree = "<group>"; };
		96CFEB122B8E5B000049472C /* SettingsView.swift */ = {isa = PBXFileReference; lastKnownFileType = sourcecode.swift; path = SettingsView.swift; sourceTree = "<group>"; };
		96CFEB1F2B8E6B520049472C /* CalculatorView.swift */ = {isa = PBXFileReference; lastKnownFileType = sourcecode.swift; path = CalculatorView.swift; sourceTree = "<group>"; };
/* End PBXFileReference section */

/* Begin PBXFrameworksBuildPhase section */
		965E934B2B8D2A3A000B21B2 /* Frameworks */ = {
			isa = PBXFrameworksBuildPhase;
			buildActionMask = 2147483647;
			files = (
			);
			runOnlyForDeploymentPostprocessing = 0;
		};
/* End PBXFrameworksBuildPhase section */

/* Begin PBXGroup section */
		965E93452B8D2A3A000B21B2 = {
			isa = PBXGroup;
			children = (
				965E93502B8D2A3A000B21B2 /* SwiftyCurrencies.io */,
				965E934F2B8D2A3A000B21B2 /* Products */,
			);
			sourceTree = "<group>";
		};
		965E934F2B8D2A3A000B21B2 /* Products */ = {
			isa = PBXGroup;
			children = (
				965E934E2B8D2A3A000B21B2 /* SwiftyCurrencies.io.app */,
			);
			name = Products;
			sourceTree = "<group>";
		};
		965E93502B8D2A3A000B21B2 /* SwiftyCurrencies.io */ = {
			isa = PBXGroup;
			children = (
				96CFEB152B8E5B7E0049472C /* Model */,
				965E93622B8D3051000B21B2 /* View */,
				965E93512B8D2A3A000B21B2 /* SwiftyCurrencies_ioApp.swift */,
				965E93552B8D2A3D000B21B2 /* Assets.xcassets */,
				965E93572B8D2A3D000B21B2 /* Preview Content */,
			);
			path = SwiftyCurrencies.io;
			sourceTree = "<group>";
		};
		965E93572B8D2A3D000B21B2 /* Preview Content */ = {
			isa = PBXGroup;
			children = (
				965E93582B8D2A3D000B21B2 /* Preview Assets.xcassets */,
			);
			path = "Preview Content";
			sourceTree = "<group>";
		};
		965E93622B8D3051000B21B2 /* View */ = {
			isa = PBXGroup;
			children = (
				965E93532B8D2A3A000B21B2 /* ContentView.swift */,
				965E93632B8D3063000B21B2 /* ExchangeRateView.swift */,
				96CFEB122B8E5B000049472C /* SettingsView.swift */,
				96CFEB1F2B8E6B520049472C /* CalculatorView.swift */,
			);
			path = View;
			sourceTree = "<group>";
		};
		96CFEB152B8E5B7E0049472C /* Model */ = {
			isa = PBXGroup;
			children = (
				965E93602B8D2C59000B21B2 /* ExchangeRateContent.swift */,
			);
			path = Model;
			sourceTree = "<group>";
		};
/* End PBXGroup section */

/* Begin PBXNativeTarget section */
		965E934D2B8D2A3A000B21B2 /* SwiftyCurrencies.io */ = {
			isa = PBXNativeTarget;
			buildConfigurationList = 965E935C2B8D2A3D000B21B2 /* Build configuration list for PBXNativeTarget "SwiftyCurrencies.io" */;
			buildPhases = (
				965E934A2B8D2A3A000B21B2 /* Sources */,
				965E934B2B8D2A3A000B21B2 /* Frameworks */,
				965E934C2B8D2A3A000B21B2 /* Resources */,
			);
			buildRules = (
			);
			dependencies = (
			);
			name = SwiftyCurrencies.io;
			productName = SwiftyCurrencies.io;
			productReference = 965E934E2B8D2A3A000B21B2 /* SwiftyCurrencies.io.app */;
			productType = "com.apple.product-type.application";
		};
/* End PBXNativeTarget section */

/* Begin PBXProject section */
		965E93462B8D2A3A000B21B2 /* Project object */ = {
			isa = PBXProject;
			attributes = {
				BuildIndependentTargetsInParallel = 1;
				LastSwiftUpdateCheck = 1520;
				LastUpgradeCheck = 1520;
				TargetAttributes = {
					965E934D2B8D2A3A000B21B2 = {
						CreatedOnToolsVersion = 15.2;
					};
				};
			};
			buildConfigurationList = 965E93492B8D2A3A000B21B2 /* Build configuration list for PBXProject "SwiftyCurrencies.io" */;
			compatibilityVersion = "Xcode 14.0";
			developmentRegion = en;
			hasScannedForEncodings = 0;
			knownRegions = (
				en,
				Base,
			);
			mainGroup = 965E93452B8D2A3A000B21B2;
			productRefGroup = 965E934F2B8D2A3A000B21B2 /* Products */;
			projectDirPath = "";
			projectRoot = "";
			targets = (
				965E934D2B8D2A3A000B21B2 /* SwiftyCurrencies.io */,
			);
		};
/* End PBXProject section */

/* Begin PBXResourcesBuildPhase section */
		965E934C2B8D2A3A000B21B2 /* Resources */ = {
			isa = PBXResourcesBuildPhase;
			buildActionMask = 2147483647;
			files = (
				965E93592B8D2A3D000B21B2 /* Preview Assets.xcassets in Resources */,
				965E93562B8D2A3D000B21B2 /* Assets.xcassets in Resources */,
			);
			runOnlyForDeploymentPostprocessing = 0;
		};
/* End PBXResourcesBuildPhase section */

/* Begin PBXSourcesBuildPhase section */
		965E934A2B8D2A3A000B21B2 /* Sources */ = {
			isa = PBXSourcesBuildPhase;
			buildActionMask = 2147483647;
			files = (
				965E93612B8D2C59000B21B2 /* ExchangeRateContent.swift in Sources */,
				965E93542B8D2A3A000B21B2 /* ContentView.swift in Sources */,
				96CFEB132B8E5B000049472C /* SettingsView.swift in Sources */,
				965E93522B8D2A3A000B21B2 /* SwiftyCurrencies_ioApp.swift in Sources */,
				96CFEB202B8E6B520049472C /* CalculatorView.swift in Sources */,
				965E93642B8D3063000B21B2 /* ExchangeRateView.swift in Sources */,
			);
			runOnlyForDeploymentPostprocessing = 0;
		};
/* End PBXSourcesBuildPhase section */

/* Begin XCBuildConfiguration section */
		965E935A2B8D2A3D000B21B2 /* Debug */ = {
			isa = XCBuildConfiguration;
			buildSettings = {
				ALWAYS_SEARCH_USER_PATHS = NO;
				ASSETCATALOG_COMPILER_GENERATE_SWIFT_ASSET_SYMBOL_EXTENSIONS = YES;
				CLANG_ANALYZER_NONNULL = YES;
				CLANG_ANALYZER_NUMBER_OBJECT_CONVERSION = YES_AGGRESSIVE;
				CLANG_CXX_LANGUAGE_STANDARD = "gnu++20";
				CLANG_ENABLE_MODULES = YES;
				CLANG_ENABLE_OBJC_ARC = YES;
				CLANG_ENABLE_OBJC_WEAK = YES;
				CLANG_WARN_BLOCK_CAPTURE_AUTORELEASING = YES;
				CLANG_WARN_BOOL_CONVERSION = YES;
				CLANG_WARN_COMMA = YES;
				CLANG_WARN_CONSTANT_CONVERSION = YES;
				CLANG_WARN_DEPRECATED_OBJC_IMPLEMENTATIONS = YES;
				CLANG_WARN_DIRECT_OBJC_ISA_USAGE = YES_ERROR;
				CLANG_WARN_DOCUMENTATION_COMMENTS = YES;
				CLANG_WARN_EMPTY_BODY = YES;
				CLANG_WARN_ENUM_CONVERSION = YES;
				CLANG_WARN_INFINITE_RECURSION = YES;
				CLANG_WARN_INT_CONVERSION = YES;
				CLANG_WARN_NON_LITERAL_NULL_CONVERSION = YES;
				CLANG_WARN_OBJC_IMPLICIT_RETAIN_SELF = YES;
				CLANG_WARN_OBJC_LITERAL_CONVERSION = YES;
				CLANG_WARN_OBJC_ROOT_CLASS = YES_ERROR;
				CLANG_WARN_QUOTED_INCLUDE_IN_FRAMEWORK_HEADER = YES;
				CLANG_WARN_RANGE_LOOP_ANALYSIS = YES;
				CLANG_WARN_STRICT_PROTOTYPES = YES;
				CLANG_WARN_SUSPICIOUS_MOVE = YES;
				CLANG_WARN_UNGUARDED_AVAILABILITY = YES_AGGRESSIVE;
				CLANG_WARN_UNREACHABLE_CODE = YES;
				CLANG_WARN__DUPLICATE_METHOD_MATCH = YES;
				COPY_PHASE_STRIP = NO;
				DEBUG_INFORMATION_FORMAT = dwarf;
				ENABLE_STRICT_OBJC_MSGSEND = YES;
				ENABLE_TESTABILITY = YES;
				ENABLE_USER_SCRIPT_SANDBOXING = YES;
				GCC_C_LANGUAGE_STANDARD = gnu17;
				GCC_DYNAMIC_NO_PIC = NO;
				GCC_NO_COMMON_BLOCKS = YES;
				GCC_OPTIMIZATION_LEVEL = 0;
				GCC_PREPROCESSOR_DEFINITIONS = (
					"DEBUG=1",
					"$(inherited)",
				);
				GCC_WARN_64_TO_32_BIT_CONVERSION = YES;
				GCC_WARN_ABOUT_RETURN_TYPE = YES_ERROR;
				GCC_WARN_UNDECLARED_SELECTOR = YES;
				GCC_WARN_UNINITIALIZED_AUTOS = YES_AGGRESSIVE;
				GCC_WARN_UNUSED_FUNCTION = YES;
				GCC_WARN_UNUSED_VARIABLE = YES;
				IPHONEOS_DEPLOYMENT_TARGET = 17.2;
				LOCALIZATION_PREFERS_STRING_CATALOGS = YES;
				MTL_ENABLE_DEBUG_INFO = INCLUDE_SOURCE;
				MTL_FAST_MATH = YES;
				ONLY_ACTIVE_ARCH = YES;
				SDKROOT = iphoneos;
				SWIFT_ACTIVE_COMPILATION_CONDITIONS = "DEBUG $(inherited)";
				SWIFT_OPTIMIZATION_LEVEL = "-Onone";
			};
			name = Debug;
		};
		965E935B2B8D2A3D000B21B2 /* Release */ = {
			isa = XCBuildConfiguration;
			buildSettings = {
				ALWAYS_SEARCH_USER_PATHS = NO;
				ASSETCATALOG_COMPILER_GENERATE_SWIFT_ASSET_SYMBOL_EXTENSIONS = YES;
				CLANG_ANALYZER_NONNULL = YES;
				CLANG_ANALYZER_NUMBER_OBJECT_CONVERSION = YES_AGGRESSIVE;
				CLANG_CXX_LANGUAGE_STANDARD = "gnu++20";
				CLANG_ENABLE_MODULES = YES;
				CLANG_ENABLE_OBJC_ARC = YES;
				CLANG_ENABLE_OBJC_WEAK = YES;
				CLANG_WARN_BLOCK_CAPTURE_AUTORELEASING = YES;
				CLANG_WARN_BOOL_CONVERSION = YES;
				CLANG_WARN_COMMA = YES;
				CLANG_WARN_CONSTANT_CONVERSION = YES;
				CLANG_WARN_DEPRECATED_OBJC_IMPLEMENTATIONS = YES;
				CLANG_WARN_DIRECT_OBJC_ISA_USAGE = YES_ERROR;
				CLANG_WARN_DOCUMENTATION_COMMENTS = YES;
				CLANG_WARN_EMPTY_BODY = YES;
				CLANG_WARN_ENUM_CONVERSION = YES;
				CLANG_WARN_INFINITE_RECURSION = YES;
				CLANG_WARN_INT_CONVERSION = YES;
				CLANG_WARN_NON_LITERAL_NULL_CONVERSION = YES;
				CLANG_WARN_OBJC_IMPLICIT_RETAIN_SELF = YES;
				CLANG_WARN_OBJC_LITERAL_CONVERSION = YES;
				CLANG_WARN_OBJC_ROOT_CLASS = YES_ERROR;
				CLANG_WARN_QUOTED_INCLUDE_IN_FRAMEWORK_HEADER = YES;
				CLANG_WARN_RANGE_LOOP_ANALYSIS = YES;
				CLANG_WARN_STRICT_PROTOTYPES = YES;
				CLANG_WARN_SUSPICIOUS_MOVE = YES;
				CLANG_WARN_UNGUARDED_AVAILABILITY = YES_AGGRESSIVE;
				CLANG_WARN_UNREACHABLE_CODE = YES;
				CLANG_WARN__DUPLICATE_METHOD_MATCH = YES;
				COPY_PHASE_STRIP = NO;
				DEBUG_INFORMATION_FORMAT = "dwarf-with-dsym";
				ENABLE_NS_ASSERTIONS = NO;
				ENABLE_STRICT_OBJC_MSGSEND = YES;
				ENABLE_USER_SCRIPT_SANDBOXING = YES;
				GCC_C_LANGUAGE_STANDARD = gnu17;
				GCC_NO_COMMON_BLOCKS = YES;
				GCC_WARN_64_TO_32_BIT_CONVERSION = YES;
				GCC_WARN_ABOUT_RETURN_TYPE = YES_ERROR;
				GCC_WARN_UNDECLARED_SELECTOR = YES;
				GCC_WARN_UNINITIALIZED_AUTOS = YES_AGGRESSIVE;
				GCC_WARN_UNUSED_FUNCTION = YES;
				GCC_WARN_UNUSED_VARIABLE = YES;
				IPHONEOS_DEPLOYMENT_TARGET = 17.2;
				LOCALIZATION_PREFERS_STRING_CATALOGS = YES;
				MTL_ENABLE_DEBUG_INFO = NO;
				MTL_FAST_MATH = YES;
				SDKROOT = iphoneos;
				SWIFT_COMPILATION_MODE = wholemodule;
				VALIDATE_PRODUCT = YES;
			};
			name = Release;
		};
		965E935D2B8D2A3D000B21B2 /* Debug */ = {
			isa = XCBuildConfiguration;
			buildSettings = {
				ASSETCATALOG_COMPILER_APPICON_NAME = AppIcon;
				ASSETCATALOG_COMPILER_GLOBAL_ACCENT_COLOR_NAME = AccentColor;
				CODE_SIGN_STYLE = Automatic;
				CURRENT_PROJECT_VERSION = 1;
				DEVELOPMENT_ASSET_PATHS = "\"SwiftyCurrencies.io/Preview Content\"";
				ENABLE_PREVIEWS = YES;
				GENERATE_INFOPLIST_FILE = YES;
				INFOPLIST_KEY_CFBundleDisplayName = Currencies;
				INFOPLIST_KEY_LSApplicationCategoryType = "public.app-category.finance";
				INFOPLIST_KEY_UIApplicationSceneManifest_Generation = YES;
				INFOPLIST_KEY_UIApplicationSupportsIndirectInputEvents = YES;
				INFOPLIST_KEY_UILaunchScreen_Generation = YES;
				INFOPLIST_KEY_UISupportedInterfaceOrientations = UIInterfaceOrientationPortrait;
				INFOPLIST_KEY_UISupportedInterfaceOrientations_iPad = "UIInterfaceOrientationLandscapeLeft UIInterfaceOrientationLandscapeRight UIInterfaceOrientationPortrait UIInterfaceOrientationPortraitUpsideDown";
				IPHONEOS_DEPLOYMENT_TARGET = 17.0;
				LD_RUNPATH_SEARCH_PATHS = (
					"$(inherited)",
					"@executable_path/Frameworks",
				);
				MARKETING_VERSION = 0.0001;
				PRODUCT_BUNDLE_IDENTIFIER = "io.lioneye.SwiftyCurrencies-io";
				PRODUCT_NAME = "$(TARGET_NAME)";
				SUPPORTED_PLATFORMS = "iphoneos iphonesimulator";
				SUPPORTS_MACCATALYST = NO;
				SUPPORTS_MAC_DESIGNED_FOR_IPHONE_IPAD = NO;
				SUPPORTS_XR_DESIGNED_FOR_IPHONE_IPAD = NO;
				SWIFT_EMIT_LOC_STRINGS = YES;
				SWIFT_VERSION = 5.0;
				TARGETED_DEVICE_FAMILY = 1;
			};
			name = Debug;
		};
		965E935E2B8D2A3D000B21B2 /* Release */ = {
			isa = XCBuildConfiguration;
			buildSettings = {
				ASSETCATALOG_COMPILER_APPICON_NAME = AppIcon;
				ASSETCATALOG_COMPILER_GLOBAL_ACCENT_COLOR_NAME = AccentColor;
				CODE_SIGN_STYLE = Automatic;
				CURRENT_PROJECT_VERSION = 1;
				DEVELOPMENT_ASSET_PATHS = "\"SwiftyCurrencies.io/Preview Content\"";
				ENABLE_PREVIEWS = YES;
				GENERATE_INFOPLIST_FILE = YES;
				INFOPLIST_KEY_CFBundleDisplayName = Currencies;
				INFOPLIST_KEY_LSApplicationCategoryType = "public.app-category.finance";
				INFOPLIST_KEY_UIApplicationSceneManifest_Generation = YES;
				INFOPLIST_KEY_UIApplicationSupportsIndirectInputEvents = YES;
				INFOPLIST_KEY_UILaunchScreen_Generation = YES;
				INFOPLIST_KEY_UISupportedInterfaceOrientations = UIInterfaceOrientationPortrait;
				INFOPLIST_KEY_UISupportedInterfaceOrientations_iPad = "UIInterfaceOrientationLandscapeLeft UIInterfaceOrientationLandscapeRight UIInterfaceOrientationPortrait UIInterfaceOrientationPortraitUpsideDown";
				IPHONEOS_DEPLOYMENT_TARGET = 17.0;
				LD_RUNPATH_SEARCH_PATHS = (
					"$(inherited)",
					"@executable_path/Frameworks",
				);
				MARKETING_VERSION = 0.0001;
				PRODUCT_BUNDLE_IDENTIFIER = "io.lioneye.SwiftyCurrencies-io";
				PRODUCT_NAME = "$(TARGET_NAME)";
				SUPPORTED_PLATFORMS = "iphoneos iphonesimulator";
				SUPPORTS_MACCATALYST = NO;
				SUPPORTS_MAC_DESIGNED_FOR_IPHONE_IPAD = NO;
				SUPPORTS_XR_DESIGNED_FOR_IPHONE_IPAD = NO;
				SWIFT_EMIT_LOC_STRINGS = YES;
				SWIFT_VERSION = 5.0;
				TARGETED_DEVICE_FAMILY = 1;
			};
			name = Release;
		};
/* End XCBuildConfiguration section */

/* Begin XCConfigurationList section */
		965E93492B8D2A3A000B21B2 /* Build configuration list for PBXProject "SwiftyCurrencies.io" */ = {
			isa = XCConfigurationList;
			buildConfigurations = (
				965E935A2B8D2A3D000B21B2 /* Debug */,
				965E935B2B8D2A3D000B21B2 /* Release */,
			);
			defaultConfigurationIsVisible = 0;
			defaultConfigurationName = Release;
		};
		965E935C2B8D2A3D000B21B2 /* Build configuration list for PBXNativeTarget "SwiftyCurrencies.io" */ = {
			isa = XCConfigurationList;
			buildConfigurations = (
				965E935D2B8D2A3D000B21B2 /* Debug */,
				965E935E2B8D2A3D000B21B2 /* Release */,
			);
			defaultConfigurationIsVisible = 0;
			defaultConfigurationName = Release;
		};
/* End XCConfigurationList section */
	};
	rootObject = 965E93462B8D2A3A000B21B2 /* Project object */;
}
